
Microsoft Visual Studio Solution File, Format Version 12.00
# Visual Studio Version 16
VisualStudioVersion = 16.0.29926.136
MinimumVisualStudioVersion = 10.0.40219.1
Project("{FAE04EC0-301F-11D3-BF4B-00C04F79EFBC}") = "EU4 Save Scum", "EU4 Save Scum\EU4 Save Scum.csproj", "{E1C4693E-2CDB-49DB-8E93-36DE76FFCE17}"
EndProject
Global
	GlobalSection(SolutionConfigurationPlatforms) = preSolution
		Debug|Any CPU = Debug|Any CPU
		Release|Any CPU = Release|Any CPU
	EndGlobalSection
	GlobalSection(ProjectConfigurationPlatforms) = postSolution
		{E1C4693E-2CDB-49DB-8E93-36DE76FFCE17}.Debug|Any CPU.ActiveCfg = Debug|Any CPU
		{E1C4693E-2CDB-49DB-8E93-36DE76FFCE17}.Debug|Any CPU.Build.0 = Debug|Any CPU
		{E1C4693E-2CDB-49DB-8E93-36DE76FFCE17}.Release|Any CPU.ActiveCfg = Release|Any CPU
		{E1C4693E-2CDB-49DB-8E93-36DE76FFCE17}.Release|Any CPU.Build.0 = Release|Any CPU
	EndGlobalSection
	GlobalSection(SolutionProperties) = preSolution
		HideSolutionNode = FALSE
	EndGlobalSection
	GlobalSection(ExtensibilityGlobals) = postSolution
		SolutionGuid = {AB8C2DBD-69D7-45E1-904D-8848B3BAF584}
	EndGlobalSection
EndGlobal
